
Microsoft Visual Studio Solution File, Format Version 12.00
# Visual Studio Version 16
VisualStudioVersion = 16.0.29509.3
MinimumVisualStudioVersion = 10.0.40219.1
Project("{FAE04EC0-301F-11D3-BF4B-00C04F79EFBC}") = "DSCodeFirst.ORM", "DSCodeFirst.ORM\DSCodeFirst.ORM.csproj", "{E62FD3CA-747D-40E4-86B3-13E62AE56407}"
EndProject
Project("{FAE04EC0-301F-11D3-BF4B-00C04F79EFBC}") = "DSCodeFirst.Console", "DSCodeFirst.Console\DSCodeFirst.Console.csproj", "{5B1CB410-8E7F-4575-9948-BA0194B20E41}"
EndProject
Global
	GlobalSection(SolutionConfigurationPlatforms) = preSolution
		Debug|Any CPU = Debug|Any CPU
		Release|Any CPU = Release|Any CPU
	EndGlobalSection
	GlobalSection(ProjectConfigurationPlatforms) = postSolution
		{E62FD3CA-747D-40E4-86B3-13E62AE56407}.Debug|Any CPU.ActiveCfg = Debug|Any CPU
		{E62FD3CA-747D-40E4-86B3-13E62AE56407}.Debug|Any CPU.Build.0 = Debug|Any CPU
		{E62FD3CA-747D-40E4-86B3-13E62AE56407}.Release|Any CPU.ActiveCfg = Release|Any CPU
		{E62FD3CA-747D-40E4-86B3-13E62AE56407}.Release|Any CPU.Build.0 = Release|Any CPU
		{5B1CB410-8E7F-4575-9948-BA0194B20E41}.Debug|Any CPU.ActiveCfg = Debug|Any CPU
		{5B1CB410-8E7F-4575-9948-BA0194B20E41}.Debug|Any CPU.Build.0 = Debug|Any CPU
		{5B1CB410-8E7F-4575-9948-BA0194B20E41}.Release|Any CPU.ActiveCfg = Release|Any CPU
		{5B1CB410-8E7F-4575-9948-BA0194B20E41}.Release|Any CPU.Build.0 = Release|Any CPU
	EndGlobalSection
	GlobalSection(SolutionProperties) = preSolution
		HideSolutionNode = FALSE
	EndGlobalSection
	GlobalSection(ExtensibilityGlobals) = postSolution
		SolutionGuid = {5CB175EA-D5ED-424A-9A72-D81E9040AEFF}
	EndGlobalSection
EndGlobal
